# This file is autogenerated, do not edit; changes may be undone by the next 'dep ensure'.


[[projects]]
  digest = "1:a829a213264dc38019b4e8a2f5d81a2ea183cdd938a43f43923c12c54fc9de86"
  name = "github.com/InVisionApp/go-logger"
  packages = ["."]
  pruneopts = "UT"
  revision = "578aa5e3a28ab647e87f86ce90fb58ac5690e60d"

[[projects]]
  branch = "master"
  digest = "1:67cb1424bbf0879c3c6de1b92be29ebf4a59c41521750cd3b191abdc72a3c413"
  name = "github.com/joelhill/go-rest-http-blaster"
  packages = ["."]
  pruneopts = "UT"
  revision = "5df82e26d4db4da410416ee3aed515298f09e17a"

[[projects]]
  digest = "1:5fad247547f04f3c8e68c0a065a75592f119c2934302dee203aa11f42361f7ec"
  name = "github.com/joelhill/mysportsfeeds-go"
  packages = ["."]
  pruneopts = "UT"
  revision = "3d5c62db9325104d98df8d6a8a50bfc6534ea8cf"
  version = "v2.3.0"

[[projects]]
  digest = "1:73ed2606203d2d666a0d7b57b45aa1de88327a3358f98d94b5a348f895890c7c"
  name = "github.com/opentracing/opentracing-go"
  packages = [
    ".",
    "log",
  ]
  pruneopts = "UT"
  revision = "6c572c00d1830223701e155de97408483dfcd14a"

[[projects]]
  digest = "1:f0a733af3673f2e73f9c8529a6ba7e0766b16ec574528811bf721643f8488b22"
  name = "github.com/sirupsen/logrus"
  packages = ["."]
  pruneopts = "UT"
  revision = "92052687f8ec598ff0da626d2909478cfd1e3a3c"

[[projects]]
  digest = "1:3f3a05ae0b95893d90b9b3b5afdb79a9b3d96e4e36e099d841ae602e4aca0da8"
  name = "golang.org/x/crypto"
  packages = ["ssh/terminal"]
  pruneopts = "UT"
  revision = "a49355c7e3f8fe157a85be2f77e6e269a0f89602"

[[projects]]
  branch = "master"
  digest = "1:a367927017e67fb73acff1959106cb512b13fcec1a1f394a4dbf9dfb9a78b5b6"
  name = "golang.org/x/net"
  packages = [
    "html",
    "html/atom",
  ]
  pruneopts = "UT"
  revision = "f04abc6bdfa7a0171a8a0c9fd2ada9391044d056"

[[projects]]
  branch = "master"
  digest = "1:75cb7164c3c9e028922e69b10842159549ab96ffc4800ea189c4a6865dc3bc08"
  name = "golang.org/x/sys"
  packages = [
    "unix",
    "windows",
  ]
  pruneopts = "UT"
  revision = "90868a75fefd03942536221d7c0e2f84ec62a668"

[solve-meta]
  analyzer-name = "dep"
  analyzer-version = 1
  input-imports = [
    "github.com/joelhill/mysportsfeeds-go",
    "golang.org/x/net/html",
  ]
  solver-name = "gps-cdcl"
  solver-version = 1
